
Microsoft Visual Studio Solution File, Format Version 12.00
# Visual Studio Version 17
VisualStudioVersion = 17.7.34024.191
MinimumVisualStudioVersion = 10.0.40219.1
Project("{FAE04EC0-301F-11D3-BF4B-00C04F79EFBC}") = "Tumakov_5", "Tumakov_5\Tumakov_5.csproj", "{4B4C8D2F-CEEE-43D0-B620-9BF130358F1C}"
EndProject
Project("{FAE04EC0-301F-11D3-BF4B-00C04F79EFBC}") = "DZ", "DZ\DZ.csproj", "{38BDF718-2024-4723-9C54-6211D644F97F}"
EndProject
Global
	GlobalSection(SolutionConfigurationPlatforms) = preSolution
		Debug|Any CPU = Debug|Any CPU
		Release|Any CPU = Release|Any CPU
	EndGlobalSection
	GlobalSection(ProjectConfigurationPlatforms) = postSolution
		{4B4C8D2F-CEEE-43D0-B620-9BF130358F1C}.Debug|Any CPU.ActiveCfg = Debug|Any CPU
		{4B4C8D2F-CEEE-43D0-B620-9BF130358F1C}.Debug|Any CPU.Build.0 = Debug|Any CPU
		{4B4C8D2F-CEEE-43D0-B620-9BF130358F1C}.Release|Any CPU.ActiveCfg = Release|Any CPU
		{4B4C8D2F-CEEE-43D0-B620-9BF130358F1C}.Release|Any CPU.Build.0 = Release|Any CPU
		{38BDF718-2024-4723-9C54-6211D644F97F}.Debug|Any CPU.ActiveCfg = Debug|Any CPU
		{38BDF718-2024-4723-9C54-6211D644F97F}.Debug|Any CPU.Build.0 = Debug|Any CPU
		{38BDF718-2024-4723-9C54-6211D644F97F}.Release|Any CPU.ActiveCfg = Release|Any CPU
		{38BDF718-2024-4723-9C54-6211D644F97F}.Release|Any CPU.Build.0 = Release|Any CPU
	EndGlobalSection
	GlobalSection(SolutionProperties) = preSolution
		HideSolutionNode = FALSE
	EndGlobalSection
	GlobalSection(ExtensibilityGlobals) = postSolution
		SolutionGuid = {BBEDA0B2-32EE-4B71-B707-B196D3CF94CA}
	EndGlobalSection
EndGlobal
